
Microsoft Visual Studio Solution File, Format Version 11.00
# Visual C# Express 2010
Project("{FAE04EC0-301F-11D3-BF4B-00C04F79EFBC}") = "NoForms", "NoForms\NoForms.csproj", "{4CD83A41-3030-45B4-9D85-2017560D9568}"
EndProject
Project("{FAE04EC0-301F-11D3-BF4B-00C04F79EFBC}") = "Test App", "Project1\Test App.csproj", "{0DBD0F40-91A7-4102-AA1C-C838F8BB38C4}"
EndProject
Project("{FAE04EC0-301F-11D3-BF4B-00C04F79EFBC}") = "Test Easy", "Project2\Test Easy.csproj", "{45CAF8C0-E911-4D76-B9D5-B3E4B90AA59E}"
EndProject
Global
	GlobalSection(SolutionConfigurationPlatforms) = preSolution
		Debug|x86 = Debug|x86
		Release|x86 = Release|x86
	EndGlobalSection
	GlobalSection(ProjectConfigurationPlatforms) = postSolution
		{4CD83A41-3030-45B4-9D85-2017560D9568}.Debug|x86.ActiveCfg = Debug|x86
		{4CD83A41-3030-45B4-9D85-2017560D9568}.Debug|x86.Build.0 = Debug|x86
		{4CD83A41-3030-45B4-9D85-2017560D9568}.Release|x86.ActiveCfg = Release|x86
		{4CD83A41-3030-45B4-9D85-2017560D9568}.Release|x86.Build.0 = Release|x86
		{0DBD0F40-91A7-4102-AA1C-C838F8BB38C4}.Debug|x86.ActiveCfg = Debug|x86
		{0DBD0F40-91A7-4102-AA1C-C838F8BB38C4}.Debug|x86.Build.0 = Debug|x86
		{0DBD0F40-91A7-4102-AA1C-C838F8BB38C4}.Release|x86.ActiveCfg = Release|x86
		{0DBD0F40-91A7-4102-AA1C-C838F8BB38C4}.Release|x86.Build.0 = Release|x86
		{45CAF8C0-E911-4D76-B9D5-B3E4B90AA59E}.Debug|x86.ActiveCfg = Debug|x86
		{45CAF8C0-E911-4D76-B9D5-B3E4B90AA59E}.Debug|x86.Build.0 = Debug|x86
		{45CAF8C0-E911-4D76-B9D5-B3E4B90AA59E}.Release|x86.ActiveCfg = Release|x86
		{45CAF8C0-E911-4D76-B9D5-B3E4B90AA59E}.Release|x86.Build.0 = Release|x86
	EndGlobalSection
	GlobalSection(SolutionProperties) = preSolution
		HideSolutionNode = FALSE
	EndGlobalSection
EndGlobal
